Microsoft Visual Studio Solution File, Format Version 12.00
# Visual Studio Version 17
VisualStudioVersion = 17.10.35013.160
MinimumVisualStudioVersion = 10.0.40219.1
Project("{FAE04EC0-301F-11D3-BF4B-00C04F79EFBC}") = "QATestingProject.AppHost", "QATestingProject.AppHost\QATestingProject.AppHost.csproj", "{B766B01B-1AB0-4893-9268-620A1768B4BC}"
EndProject
Project("{9A19103F-16F7-4668-BE54-9A1E7A4F7556}") = "QATestingProject.ServiceDefaults", "QATestingProject.ServiceDefaults\QATestingProject.ServiceDefaults.csproj", "{73286BDA-428C-4393-91C7-55A07763943F}"
EndProject
Project("{9A19103F-16F7-4668-BE54-9A1E7A4F7556}") = "QATestingProject.ApiService", "QATestingProject.ApiService\QATestingProject.ApiService.csproj", "{C2330741-C431-4D53-B337-0C432253564A}"
EndProject
Project("{9A19103F-16F7-4668-BE54-9A1E7A4F7556}") = "QATestingProject.Web", "QATestingProject.Web\QATestingProject.Web.csproj", "{3840C792-A313-4A13-8B89-2ED84D46759D}"
EndProject
Global
	GlobalSection(SolutionConfigurationPlatforms) = preSolution
		Debug|Any CPU = Debug|Any CPU
		Release|Any CPU = Release|Any CPU
	EndGlobalSection
	GlobalSection(ProjectConfigurationPlatforms) = postSolution
		{B766B01B-1AB0-4893-9268-620A1768B4BC}.Debug|Any CPU.ActiveCfg = Debug|Any CPU
		{B766B01B-1AB0-4893-9268-620A1768B4BC}.Debug|Any CPU.Build.0 = Debug|Any CPU
		{B766B01B-1AB0-4893-9268-620A1768B4BC}.Release|Any CPU.ActiveCfg = Release|Any CPU
		{B766B01B-1AB0-4893-9268-620A1768B4BC}.Release|Any CPU.Build.0 = Release|Any CPU
		{73286BDA-428C-4393-91C7-55A07763943F}.Debug|Any CPU.ActiveCfg = Debug|Any CPU
		{73286BDA-428C-4393-91C7-55A07763943F}.Debug|Any CPU.Build.0 = Debug|Any CPU
		{73286BDA-428C-4393-91C7-55A07763943F}.Release|Any CPU.ActiveCfg = Release|Any CPU
		{73286BDA-428C-4393-91C7-55A07763943F}.Release|Any CPU.Build.0 = Release|Any CPU
		{C2330741-C431-4D53-B337-0C432253564A}.Debug|Any CPU.ActiveCfg = Debug|Any CPU
		{C2330741-C431-4D53-B337-0C432253564A}.Debug|Any CPU.Build.0 = Debug|Any CPU
		{C2330741-C431-4D53-B337-0C432253564A}.Release|Any CPU.ActiveCfg = Release|Any CPU
		{C2330741-C431-4D53-B337-0C432253564A}.Release|Any CPU.Build.0 = Release|Any CPU
		{3840C792-A313-4A13-8B89-2ED84D46759D}.Debug|Any CPU.ActiveCfg = Debug|Any CPU
		{3840C792-A313-4A13-8B89-2ED84D46759D}.Debug|Any CPU.Build.0 = Debug|Any CPU
		{3840C792-A313-4A13-8B89-2ED84D46759D}.Release|Any CPU.ActiveCfg = Release|Any CPU
		{3840C792-A313-4A13-8B89-2ED84D46759D}.Release|Any CPU.Build.0 = Release|Any CPU
	EndGlobalSection
	GlobalSection(SolutionProperties) = preSolution
		HideSolutionNode = FALSE
	EndGlobalSection
	GlobalSection(ExtensibilityGlobals) = postSolution
		SolutionGuid = {EEA89F59-A421-43D8-93CD-A77C310AFD6A}
	EndGlobalSection
EndGlobal
